{
    "_meta": {
        "hash": {
            "sha256": "c237c6c0a1f5e048ae22ec8945b179096fcd42401c84b286944fc375dc0da05d"
        },
        "pipfile-spec": 6,
        "requires": {
            "python_version": "3.10"
        },
        "sources": [
            {
                "name": "pypi",
                "url": "https://pypi.org/simple",
                "verify_ssl": true
            }
        ]
    },
    "default": {
        "asgiref": {
            "hashes": [
                "sha256:1d2880b792ae8757289136f1db2b7b99100ce959b2aa57fd69dab783d05afac4",
                "sha256:4a29362a6acebe09bf1d6640db38c1dc3d9217c68e6f9f6204d72667fc19a424"
            ],
            "markers": "python_version >= '3.7'",
            "version": "==3.5.2"
        },
        "django": {
            "hashes": [
                "sha256:07c8638e7a7f548dc0acaaa7825d84b7bd42b10e8d22268b3d572946f1e9b687",
                "sha256:4e8177858524417563cc0430f29ea249946d831eacb0068a1455686587df40b5"
            ],
            "index": "pypi",
            "version": "==4.0.4"
        },
        "django-crispy-forms": {
            "hashes": [
                "sha256:35887b8851a931374dd697207a8f56c57a9c5cb9dbf0b9fa54314da5666cea5b",
                "sha256:bc4d2037f6de602d39c0bc452ac3029d1f5d65e88458872cc4dbc01c3a400604"
            ],
            "index": "pypi",
            "version": "==1.14.0"
        },
        "django-phonenumber-field": {
            "extras": [
                "phonenumbers"
            ],
            "hashes": [
                "sha256:897b902a1654b0eb21f6268498a3359e2c4eb90af9585cb8693af186ede8c5bb",
                "sha256:b1ff950f90a8911ff323ccf77c8f6fe4299a9f671fa61c8734a6994359f07446"
            ],
            "index": "pypi",
            "version": "==6.1.0"
        },
        "djangorestframework": {
            "hashes": [
                "sha256:0c33407ce23acc68eca2a6e46424b008c9c02eceb8cf18581921d0092bc1f2ee",
                "sha256:24c4bf58ed7e85d1fe4ba250ab2da926d263cd57d64b03e8dcef0ac683f8b1aa"
            ],
            "index": "pypi",
            "version": "==3.13.1"
        },
        "djangorestframework-datatables": {
            "hashes": [
                "sha256:1be615b811a5625546e93f4c331b868743925776b6c7ad6c77d22e1af6f49819",
                "sha256:64ccae255cbe03ae14793c55b900ce58894eb856816d6f9e16acea4a2197a6d9"
            ],
            "index": "pypi",
            "version": "==0.7.0"
        },
        "phonenumbers": {
            "hashes": [
                "sha256:429273b98966475d0c18ee293096eaf81c6b5727d0d55c7ba5ce9c60ec8c59ef",
                "sha256:af0681fbfe9fa0721376ad9b729e772e5d20bf2cf50d9dd8ca2f0bdd78e9f0ce"
            ],
            "version": "==8.12.48"
        },
        "pytz": {
            "hashes": [
                "sha256:1e760e2fe6a8163bc0b3d9a19c4f84342afa0a2affebfaa84b01b978a02ecaa7",
                "sha256:e68985985296d9a66a881eb3193b0906246245294a881e7c8afe623866ac6a5c"
            ],
            "version": "==2022.1"
        },
        "sqlparse": {
            "hashes": [
                "sha256:0c00730c74263a94e5a9919ade150dfc3b19c574389985446148402998287dae",
                "sha256:48719e356bb8b42991bdbb1e8b83223757b93789c00910a616a071910ca4a64d"
            ],
            "markers": "python_version >= '3.5'",
            "version": "==0.4.2"
        },
        "tzdata": {
            "hashes": [
                "sha256:238e70234214138ed7b4e8a0fab0e5e13872edab3be586ab8198c407620e2ab9",
                "sha256:8b536a8ec63dc0751342b3984193a3118f8fca2afe25752bb9b7fffd398552d3"
            ],
            "markers": "sys_platform == 'win32'",
            "version": "==2022.1"
        }
    },
    "develop": {}
}
